
Microsoft Visual Studio Solution File, Format Version 12.00
# Visual Studio Version 16
VisualStudioVersion = 16.0.28714.193
MinimumVisualStudioVersion = 10.0.40219.1
Project("{9A19103F-16F7-4668-BE54-9A1E7A4F7556}") = "chapter_00", "chapter_00\chapter_00.csproj", "{443BDEEC-6466-42F5-AA6E-6206254A219A}"
EndProject
Project("{9A19103F-16F7-4668-BE54-9A1E7A4F7556}") = "chapter_01", "..\chapter_01\chapter_01.csproj", "{1E8A6C78-6167-42A8-BE82-62E43E2F21A3}"
EndProject
Project("{9A19103F-16F7-4668-BE54-9A1E7A4F7556}") = "chapter_02", "..\chapter_02\chapter_02.csproj", "{BB7B0C58-623D-43DB-A6C5-E5D7CCDB8F13}"
EndProject
Project("{9A19103F-16F7-4668-BE54-9A1E7A4F7556}") = "chapter_03", "..\chapter_03\chapter_03.csproj", "{848E722B-4054-44C9-A944-FC51E637E885}"
EndProject
Project("{9A19103F-16F7-4668-BE54-9A1E7A4F7556}") = "chapter_04", "..\chapter_04\chapter_04.csproj", "{B08B7840-F9A2-478D-8E30-E7FA082B7638}"
EndProject
Project("{9A19103F-16F7-4668-BE54-9A1E7A4F7556}") = "chapter_05", "..\chapter_05\chapter_05.csproj", "{6A8AFCCF-741E-4349-AD1F-A53F571342C2}"
EndProject
Project("{9A19103F-16F7-4668-BE54-9A1E7A4F7556}") = "chapter_06", "..\chapter_06\chapter_06.csproj", "{E25A89BA-922A-4DCF-AFF4-2C7E1BABA786}"
EndProject
Project("{9A19103F-16F7-4668-BE54-9A1E7A4F7556}") = "chapter_07", "..\chapter_07\chapter_07.csproj", "{C86528A0-BD6D-4395-ABCA-931F515569EC}"
EndProject
Project("{FAE04EC0-301F-11D3-BF4B-00C04F79EFBC}") = "chapter_08", "..\chapter_08\chapter_08.csproj", "{16D7B0E1-B443-4584-B5B1-8854ABBD4777}"
EndProject
Global
	GlobalSection(SolutionConfigurationPlatforms) = preSolution
		Debug|Any CPU = Debug|Any CPU
		Release|Any CPU = Release|Any CPU
	EndGlobalSection
	GlobalSection(ProjectConfigurationPlatforms) = postSolution
		{443BDEEC-6466-42F5-AA6E-6206254A219A}.Debug|Any CPU.ActiveCfg = Debug|Any CPU
		{443BDEEC-6466-42F5-AA6E-6206254A219A}.Debug|Any CPU.Build.0 = Debug|Any CPU
		{443BDEEC-6466-42F5-AA6E-6206254A219A}.Release|Any CPU.ActiveCfg = Release|Any CPU
		{443BDEEC-6466-42F5-AA6E-6206254A219A}.Release|Any CPU.Build.0 = Release|Any CPU
		{1E8A6C78-6167-42A8-BE82-62E43E2F21A3}.Debug|Any CPU.ActiveCfg = Debug|Any CPU
		{1E8A6C78-6167-42A8-BE82-62E43E2F21A3}.Debug|Any CPU.Build.0 = Debug|Any CPU
		{1E8A6C78-6167-42A8-BE82-62E43E2F21A3}.Release|Any CPU.ActiveCfg = Release|Any CPU
		{1E8A6C78-6167-42A8-BE82-62E43E2F21A3}.Release|Any CPU.Build.0 = Release|Any CPU
		{BB7B0C58-623D-43DB-A6C5-E5D7CCDB8F13}.Debug|Any CPU.ActiveCfg = Debug|Any CPU
		{BB7B0C58-623D-43DB-A6C5-E5D7CCDB8F13}.Debug|Any CPU.Build.0 = Debug|Any CPU
		{BB7B0C58-623D-43DB-A6C5-E5D7CCDB8F13}.Release|Any CPU.ActiveCfg = Release|Any CPU
		{BB7B0C58-623D-43DB-A6C5-E5D7CCDB8F13}.Release|Any CPU.Build.0 = Release|Any CPU
		{848E722B-4054-44C9-A944-FC51E637E885}.Debug|Any CPU.ActiveCfg = Debug|Any CPU
		{848E722B-4054-44C9-A944-FC51E637E885}.Debug|Any CPU.Build.0 = Debug|Any CPU
		{848E722B-4054-44C9-A944-FC51E637E885}.Release|Any CPU.ActiveCfg = Release|Any CPU
		{848E722B-4054-44C9-A944-FC51E637E885}.Release|Any CPU.Build.0 = Release|Any CPU
		{B08B7840-F9A2-478D-8E30-E7FA082B7638}.Debug|Any CPU.ActiveCfg = Debug|Any CPU
		{B08B7840-F9A2-478D-8E30-E7FA082B7638}.Debug|Any CPU.Build.0 = Debug|Any CPU
		{B08B7840-F9A2-478D-8E30-E7FA082B7638}.Release|Any CPU.ActiveCfg = Release|Any CPU
		{B08B7840-F9A2-478D-8E30-E7FA082B7638}.Release|Any CPU.Build.0 = Release|Any CPU
		{6A8AFCCF-741E-4349-AD1F-A53F571342C2}.Debug|Any CPU.ActiveCfg = Debug|Any CPU
		{6A8AFCCF-741E-4349-AD1F-A53F571342C2}.Debug|Any CPU.Build.0 = Debug|Any CPU
		{6A8AFCCF-741E-4349-AD1F-A53F571342C2}.Release|Any CPU.ActiveCfg = Release|Any CPU
		{6A8AFCCF-741E-4349-AD1F-A53F571342C2}.Release|Any CPU.Build.0 = Release|Any CPU
		{E25A89BA-922A-4DCF-AFF4-2C7E1BABA786}.Debug|Any CPU.ActiveCfg = Debug|Any CPU
		{E25A89BA-922A-4DCF-AFF4-2C7E1BABA786}.Debug|Any CPU.Build.0 = Debug|Any CPU
		{E25A89BA-922A-4DCF-AFF4-2C7E1BABA786}.Release|Any CPU.ActiveCfg = Release|Any CPU
		{E25A89BA-922A-4DCF-AFF4-2C7E1BABA786}.Release|Any CPU.Build.0 = Release|Any CPU
		{C86528A0-BD6D-4395-ABCA-931F515569EC}.Debug|Any CPU.ActiveCfg = Debug|Any CPU
		{C86528A0-BD6D-4395-ABCA-931F515569EC}.Debug|Any CPU.Build.0 = Debug|Any CPU
		{C86528A0-BD6D-4395-ABCA-931F515569EC}.Release|Any CPU.ActiveCfg = Release|Any CPU
		{C86528A0-BD6D-4395-ABCA-931F515569EC}.Release|Any CPU.Build.0 = Release|Any CPU
		{16D7B0E1-B443-4584-B5B1-8854ABBD4777}.Debug|Any CPU.ActiveCfg = Debug|Any CPU
		{16D7B0E1-B443-4584-B5B1-8854ABBD4777}.Debug|Any CPU.Build.0 = Debug|Any CPU
		{16D7B0E1-B443-4584-B5B1-8854ABBD4777}.Release|Any CPU.ActiveCfg = Release|Any CPU
		{16D7B0E1-B443-4584-B5B1-8854ABBD4777}.Release|Any CPU.Build.0 = Release|Any CPU
	EndGlobalSection
	GlobalSection(SolutionProperties) = preSolution
		HideSolutionNode = FALSE
	EndGlobalSection
	GlobalSection(ExtensibilityGlobals) = postSolution
		SolutionGuid = {21506B9A-B265-4096-9C86-067CDF90CBFA}
	EndGlobalSection
EndGlobal
