
Microsoft Visual Studio Solution File, Format Version 12.00
# Visual Studio Version 16
VisualStudioVersion = 16.0.28714.193
MinimumVisualStudioVersion = 10.0.40219.1
Project("{9A19103F-16F7-4668-BE54-9A1E7A4F7556}") = "chapter_00", "chapter_00\chapter_00.csproj", "{443BDEEC-6466-42F5-AA6E-6206254A219A}"
EndProject
Project("{9A19103F-16F7-4668-BE54-9A1E7A4F7556}") = "chapter_01", "..\chapter_01\chapter_01.csproj", "{1E8A6C78-6167-42A8-BE82-62E43E2F21A3}"
EndProject
Project("{FAE04EC0-301F-11D3-BF4B-00C04F79EFBC}") = "chapter_02", "..\chapter_02\chapter_02.csproj", "{BB7B0C58-623D-43DB-A6C5-E5D7CCDB8F13}"
EndProject
Global
	GlobalSection(SolutionConfigurationPlatforms) = preSolution
		Debug|Any CPU = Debug|Any CPU
		Release|Any CPU = Release|Any CPU
	EndGlobalSection
	GlobalSection(ProjectConfigurationPlatforms) = postSolution
		{443BDEEC-6466-42F5-AA6E-6206254A219A}.Debug|Any CPU.ActiveCfg = Debug|Any CPU
		{443BDEEC-6466-42F5-AA6E-6206254A219A}.Debug|Any CPU.Build.0 = Debug|Any CPU
		{443BDEEC-6466-42F5-AA6E-6206254A219A}.Release|Any CPU.ActiveCfg = Release|Any CPU
		{443BDEEC-6466-42F5-AA6E-6206254A219A}.Release|Any CPU.Build.0 = Release|Any CPU
		{1E8A6C78-6167-42A8-BE82-62E43E2F21A3}.Debug|Any CPU.ActiveCfg = Debug|Any CPU
		{1E8A6C78-6167-42A8-BE82-62E43E2F21A3}.Debug|Any CPU.Build.0 = Debug|Any CPU
		{1E8A6C78-6167-42A8-BE82-62E43E2F21A3}.Release|Any CPU.ActiveCfg = Release|Any CPU
		{1E8A6C78-6167-42A8-BE82-62E43E2F21A3}.Release|Any CPU.Build.0 = Release|Any CPU
		{BB7B0C58-623D-43DB-A6C5-E5D7CCDB8F13}.Debug|Any CPU.ActiveCfg = Debug|Any CPU
		{BB7B0C58-623D-43DB-A6C5-E5D7CCDB8F13}.Debug|Any CPU.Build.0 = Debug|Any CPU
		{BB7B0C58-623D-43DB-A6C5-E5D7CCDB8F13}.Release|Any CPU.ActiveCfg = Release|Any CPU
		{BB7B0C58-623D-43DB-A6C5-E5D7CCDB8F13}.Release|Any CPU.Build.0 = Release|Any CPU
	EndGlobalSection
	GlobalSection(SolutionProperties) = preSolution
		HideSolutionNode = FALSE
	EndGlobalSection
	GlobalSection(ExtensibilityGlobals) = postSolution
		SolutionGuid = {21506B9A-B265-4096-9C86-067CDF90CBFA}
	EndGlobalSection
EndGlobal
